// !$*UTF8*$!
{
	archiveVersion = 1;
	classes = {
	};
	objectVersion = 56;
	objects = {

/* Begin PBXBuildFile section */
		109005E62B2177C20008AB2C /* PhotoInfo.swift in Sources */ = {isa = PBXBuildFile; fileRef = 109005E52B2177C20008AB2C /* PhotoInfo.swift */; };
		10EEC5C62B1E6585005EA055 /* AppDelegate.swift in Sources */ = {isa = PBXBuildFile; fileRef = 10EEC5C52B1E6585005EA055 /* AppDelegate.swift */; };
		10EEC5C82B1E6585005EA055 /* SceneDelegate.swift in Sources */ = {isa = PBXBuildFile; fileRef = 10EEC5C72B1E6585005EA055 /* SceneDelegate.swift */; };
		10EEC5CF2B1E6586005EA055 /* Assets.xcassets in Resources */ = {isa = PBXBuildFile; fileRef = 10EEC5CE2B1E6586005EA055 /* Assets.xcassets */; };
		10EEC5D22B1E6586005EA055 /* LaunchScreen.storyboard in Resources */ = {isa = PBXBuildFile; fileRef = 10EEC5D02B1E6586005EA055 /* LaunchScreen.storyboard */; };
		10EEC5DD2B1E6797005EA055 /* NASATabBar.swift in Sources */ = {isa = PBXBuildFile; fileRef = 10EEC5DC2B1E6797005EA055 /* NASATabBar.swift */; };
		10EEC5E02B1E67CF005EA055 /* PhotoViewController.swift in Sources */ = {isa = PBXBuildFile; fileRef = 10EEC5DE2B1E67CF005EA055 /* PhotoViewController.swift */; };
		10EEC5E12B1E67CF005EA055 /* PhotoViewController.xib in Resources */ = {isa = PBXBuildFile; fileRef = 10EEC5DF2B1E67CF005EA055 /* PhotoViewController.xib */; };
		10EEC5E42B1E67E4005EA055 /* RoversViewController.swift in Sources */ = {isa = PBXBuildFile; fileRef = 10EEC5E22B1E67E4005EA055 /* RoversViewController.swift */; };
		10EEC5E52B1E67E4005EA055 /* RoversViewController.xib in Resources */ = {isa = PBXBuildFile; fileRef = 10EEC5E32B1E67E4005EA055 /* RoversViewController.xib */; };
		10EEC5E82B1E6C8C005EA055 /* RoversTableViewCell.swift in Sources */ = {isa = PBXBuildFile; fileRef = 10EEC5E62B1E6C8C005EA055 /* RoversTableViewCell.swift */; };
		10EEC5E92B1E6C8C005EA055 /* RoversTableViewCell.xib in Resources */ = {isa = PBXBuildFile; fileRef = 10EEC5E72B1E6C8C005EA055 /* RoversTableViewCell.xib */; };
		10EEC5EB2B1E70BE005EA055 /* PhotoRover.swift in Sources */ = {isa = PBXBuildFile; fileRef = 10EEC5EA2B1E70BE005EA055 /* PhotoRover.swift */; };
/* End PBXBuildFile section */

/* Begin PBXFileReference section */
		109005E52B2177C20008AB2C /* PhotoInfo.swift */ = {isa = PBXFileReference; lastKnownFileType = sourcecode.swift; path = PhotoInfo.swift; sourceTree = "<group>"; };
		10EEC5C22B1E6585005EA055 /* ROVERNASAAPP.app */ = {isa = PBXFileReference; explicitFileType = wrapper.application; includeInIndex = 0; path = ROVERNASAAPP.app; sourceTree = BUILT_PRODUCTS_DIR; };
		10EEC5C52B1E6585005EA055 /* AppDelegate.swift */ = {isa = PBXFileReference; lastKnownFileType = sourcecode.swift; path = AppDelegate.swift; sourceTree = "<group>"; };
		10EEC5C72B1E6585005EA055 /* SceneDelegate.swift */ = {isa = PBXFileReference; lastKnownFileType = sourcecode.swift; path = SceneDelegate.swift; sourceTree = "<group>"; };
		10EEC5CE2B1E6586005EA055 /* Assets.xcassets */ = {isa = PBXFileReference; lastKnownFileType = folder.assetcatalog; path = Assets.xcassets; sourceTree = "<group>"; };
		10EEC5D12B1E6586005EA055 /* Base */ = {isa = PBXFileReference; lastKnownFileType = file.storyboard; name = Base; path = Base.lproj/LaunchScreen.storyboard; sourceTree = "<group>"; };
		10EEC5D32B1E6586005EA055 /* Info.plist */ = {isa = PBXFileReference; lastKnownFileType = text.plist.xml; path = Info.plist; sourceTree = "<group>"; };
		10EEC5DC2B1E6797005EA055 /* NASATabBar.swift */ = {isa = PBXFileReference; lastKnownFileType = sourcecode.swift; path = NASATabBar.swift; sourceTree = "<group>"; };
		10EEC5DE2B1E67CF005EA055 /* PhotoViewController.swift */ = {isa = PBXFileReference; lastKnownFileType = sourcecode.swift; path = PhotoViewController.swift; sourceTree = "<group>"; };
		10EEC5DF2B1E67CF005EA055 /* PhotoViewController.xib */ = {isa = PBXFileReference; lastKnownFileType = file.xib; path = PhotoViewController.xib; sourceTree = "<group>"; };
		10EEC5E22B1E67E4005EA055 /* RoversViewController.swift */ = {isa = PBXFileReference; lastKnownFileType = sourcecode.swift; path = RoversViewController.swift; sourceTree = "<group>"; };
		10EEC5E32B1E67E4005EA055 /* RoversViewController.xib */ = {isa = PBXFileReference; lastKnownFileType = file.xib; path = RoversViewController.xib; sourceTree = "<group>"; };
		10EEC5E62B1E6C8C005EA055 /* RoversTableViewCell.swift */ = {isa = PBXFileReference; lastKnownFileType = sourcecode.swift; path = RoversTableViewCell.swift; sourceTree = "<group>"; };
		10EEC5E72B1E6C8C005EA055 /* RoversTableViewCell.xib */ = {isa = PBXFileReference; lastKnownFileType = file.xib; path = RoversTableViewCell.xib; sourceTree = "<group>"; };
		10EEC5EA2B1E70BE005EA055 /* PhotoRover.swift */ = {isa = PBXFileReference; lastKnownFileType = sourcecode.swift; path = PhotoRover.swift; sourceTree = "<group>"; };
/* End PBXFileReference section */

/* Begin PBXFrameworksBuildPhase section */
		10EEC5BF2B1E6584005EA055 /* Frameworks */ = {
			isa = PBXFrameworksBuildPhase;
			buildActionMask = 2147483647;
			files = (
			);
			runOnlyForDeploymentPostprocessing = 0;
		};
/* End PBXFrameworksBuildPhase section */

/* Begin PBXGroup section */
		10EEC5B92B1E6584005EA055 = {
			isa = PBXGroup;
			children = (
				10EEC5C42B1E6585005EA055 /* ROVERNASAAPP */,
				10EEC5C32B1E6585005EA055 /* Products */,
			);
			sourceTree = "<group>";
		};
		10EEC5C32B1E6585005EA055 /* Products */ = {
			isa = PBXGroup;
			children = (
				10EEC5C22B1E6585005EA055 /* ROVERNASAAPP.app */,
			);
			name = Products;
			sourceTree = "<group>";
		};
		10EEC5C42B1E6585005EA055 /* ROVERNASAAPP */ = {
			isa = PBXGroup;
			children = (
				10EEC5DB2B1E6760005EA055 /* TabBar */,
				10EEC5DA2B1E671E005EA055 /* PhotoView */,
				10EEC5D92B1E670E005EA055 /* RoverView */,
				10EEC5C52B1E6585005EA055 /* AppDelegate.swift */,
				10EEC5C72B1E6585005EA055 /* SceneDelegate.swift */,
				10EEC5CE2B1E6586005EA055 /* Assets.xcassets */,
				10EEC5D02B1E6586005EA055 /* LaunchScreen.storyboard */,
				10EEC5D32B1E6586005EA055 /* Info.plist */,
			);
			path = ROVERNASAAPP;
			sourceTree = "<group>";
		};
		10EEC5D92B1E670E005EA055 /* RoverView */ = {
			isa = PBXGroup;
			children = (
				10EEC5E22B1E67E4005EA055 /* RoversViewController.swift */,
				10EEC5E32B1E67E4005EA055 /* RoversViewController.xib */,
				10EEC5E62B1E6C8C005EA055 /* RoversTableViewCell.swift */,
				10EEC5E72B1E6C8C005EA055 /* RoversTableViewCell.xib */,
				10EEC5EA2B1E70BE005EA055 /* PhotoRover.swift */,
			);
			path = RoverView;
			sourceTree = "<group>";
		};
		10EEC5DA2B1E671E005EA055 /* PhotoView */ = {
			isa = PBXGroup;
			children = (
				10EEC5DE2B1E67CF005EA055 /* PhotoViewController.swift */,
				10EEC5DF2B1E67CF005EA055 /* PhotoViewController.xib */,
				109005E52B2177C20008AB2C /* PhotoInfo.swift */,
			);
			path = PhotoView;
			sourceTree = "<group>";
		};
		10EEC5DB2B1E6760005EA055 /* TabBar */ = {
			isa = PBXGroup;
			children = (
				10EEC5DC2B1E6797005EA055 /* NASATabBar.swift */,
			);
			path = TabBar;
			sourceTree = "<group>";
		};
/* End PBXGroup section */

/* Begin PBXNativeTarget section */
		10EEC5C12B1E6584005EA055 /* ROVERNASAAPP */ = {
			isa = PBXNativeTarget;
			buildConfigurationList = 10EEC5D62B1E6586005EA055 /* Build configuration list for PBXNativeTarget "ROVERNASAAPP" */;
			buildPhases = (
				10EEC5BE2B1E6584005EA055 /* Sources */,
				10EEC5BF2B1E6584005EA055 /* Frameworks */,
				10EEC5C02B1E6584005EA055 /* Resources */,
			);
			buildRules = (
			);
			dependencies = (
			);
			name = ROVERNASAAPP;
			productName = ROVERNASAAPP;
			productReference = 10EEC5C22B1E6585005EA055 /* ROVERNASAAPP.app */;
			productType = "com.apple.product-type.application";
		};
/* End PBXNativeTarget section */

/* Begin PBXProject section */
		10EEC5BA2B1E6584005EA055 /* Project object */ = {
			isa = PBXProject;
			attributes = {
				BuildIndependentTargetsInParallel = 1;
				LastSwiftUpdateCheck = 1500;
				LastUpgradeCheck = 1500;
				TargetAttributes = {
					10EEC5C12B1E6584005EA055 = {
						CreatedOnToolsVersion = 15.0.1;
					};
				};
			};
			buildConfigurationList = 10EEC5BD2B1E6584005EA055 /* Build configuration list for PBXProject "ROVERNASAAPP" */;
			compatibilityVersion = "Xcode 14.0";
			developmentRegion = en;
			hasScannedForEncodings = 0;
			knownRegions = (
				en,
				Base,
			);
			mainGroup = 10EEC5B92B1E6584005EA055;
			productRefGroup = 10EEC5C32B1E6585005EA055 /* Products */;
			projectDirPath = "";
			projectRoot = "";
			targets = (
				10EEC5C12B1E6584005EA055 /* ROVERNASAAPP */,
			);
		};
/* End PBXProject section */

/* Begin PBXResourcesBuildPhase section */
		10EEC5C02B1E6584005EA055 /* Resources */ = {
			isa = PBXResourcesBuildPhase;
			buildActionMask = 2147483647;
			files = (
				10EEC5E12B1E67CF005EA055 /* PhotoViewController.xib in Resources */,
				10EEC5E52B1E67E4005EA055 /* RoversViewController.xib in Resources */,
				10EEC5D22B1E6586005EA055 /* LaunchScreen.storyboard in Resources */,
				10EEC5CF2B1E6586005EA055 /* Assets.xcassets in Resources */,
				10EEC5E92B1E6C8C005EA055 /* RoversTableViewCell.xib in Resources */,
			);
			runOnlyForDeploymentPostprocessing = 0;
		};
/* End PBXResourcesBuildPhase section */

/* Begin PBXSourcesBuildPhase section */
		10EEC5BE2B1E6584005EA055 /* Sources */ = {
			isa = PBXSourcesBuildPhase;
			buildActionMask = 2147483647;
			files = (
				109005E62B2177C20008AB2C /* PhotoInfo.swift in Sources */,
				10EEC5C62B1E6585005EA055 /* AppDelegate.swift in Sources */,
				10EEC5E02B1E67CF005EA055 /* PhotoViewController.swift in Sources */,
				10EEC5E82B1E6C8C005EA055 /* RoversTableViewCell.swift in Sources */,
				10EEC5EB2B1E70BE005EA055 /* PhotoRover.swift in Sources */,
				10EEC5DD2B1E6797005EA055 /* NASATabBar.swift in Sources */,
				10EEC5E42B1E67E4005EA055 /* RoversViewController.swift in Sources */,
				10EEC5C82B1E6585005EA055 /* SceneDelegate.swift in Sources */,
			);
			runOnlyForDeploymentPostprocessing = 0;
		};
/* End PBXSourcesBuildPhase section */

/* Begin PBXVariantGroup section */
		10EEC5D02B1E6586005EA055 /* LaunchScreen.storyboard */ = {
			isa = PBXVariantGroup;
			children = (
				10EEC5D12B1E6586005EA055 /* Base */,
			);
			name = LaunchScreen.storyboard;
			sourceTree = "<group>";
		};
/* End PBXVariantGroup section */

/* Begin XCBuildConfiguration section */
		10EEC5D42B1E6586005EA055 /* Debug */ = {
			isa = XCBuildConfiguration;
			buildSettings = {
				ALWAYS_SEARCH_USER_PATHS = NO;
				ASSETCATALOG_COMPILER_GENERATE_SWIFT_ASSET_SYMBOL_EXTENSIONS = YES;
				CLANG_ANALYZER_NONNULL = YES;
				CLANG_ANALYZER_NUMBER_OBJECT_CONVERSION = YES_AGGRESSIVE;
				CLANG_CXX_LANGUAGE_STANDARD = "gnu++20";
				CLANG_ENABLE_MODULES = YES;
				CLANG_ENABLE_OBJC_ARC = YES;
				CLANG_ENABLE_OBJC_WEAK = YES;
				CLANG_WARN_BLOCK_CAPTURE_AUTORELEASING = YES;
				CLANG_WARN_BOOL_CONVERSION = YES;
				CLANG_WARN_COMMA = YES;
				CLANG_WARN_CONSTANT_CONVERSION = YES;
				CLANG_WARN_DEPRECATED_OBJC_IMPLEMENTATIONS = YES;
				CLANG_WARN_DIRECT_OBJC_ISA_USAGE = YES_ERROR;
				CLANG_WARN_DOCUMENTATION_COMMENTS = YES;
				CLANG_WARN_EMPTY_BODY = YES;
				CLANG_WARN_ENUM_CONVERSION = YES;
				CLANG_WARN_INFINITE_RECURSION = YES;
				CLANG_WARN_INT_CONVERSION = YES;
				CLANG_WARN_NON_LITERAL_NULL_CONVERSION = YES;
				CLANG_WARN_OBJC_IMPLICIT_RETAIN_SELF = YES;
				CLANG_WARN_OBJC_LITERAL_CONVERSION = YES;
				CLANG_WARN_OBJC_ROOT_CLASS = YES_ERROR;
				CLANG_WARN_QUOTED_INCLUDE_IN_FRAMEWORK_HEADER = YES;
				CLANG_WARN_RANGE_LOOP_ANALYSIS = YES;
				CLANG_WARN_STRICT_PROTOTYPES = YES;
				CLANG_WARN_SUSPICIOUS_MOVE = YES;
				CLANG_WARN_UNGUARDED_AVAILABILITY = YES_AGGRESSIVE;
				CLANG_WARN_UNREACHABLE_CODE = YES;
				CLANG_WARN__DUPLICATE_METHOD_MATCH = YES;
				COPY_PHASE_STRIP = NO;
				DEBUG_INFORMATION_FORMAT = dwarf;
				ENABLE_STRICT_OBJC_MSGSEND = YES;
				ENABLE_TESTABILITY = YES;
				ENABLE_USER_SCRIPT_SANDBOXING = YES;
				GCC_C_LANGUAGE_STANDARD = gnu17;
				GCC_DYNAMIC_NO_PIC = NO;
				GCC_NO_COMMON_BLOCKS = YES;
				GCC_OPTIMIZATION_LEVEL = 0;
				GCC_PREPROCESSOR_DEFINITIONS = (
					"DEBUG=1",
					"$(inherited)",
				);
				GCC_WARN_64_TO_32_BIT_CONVERSION = YES;
				GCC_WARN_ABOUT_RETURN_TYPE = YES_ERROR;
				GCC_WARN_UNDECLARED_SELECTOR = YES;
				GCC_WARN_UNINITIALIZED_AUTOS = YES_AGGRESSIVE;
				GCC_WARN_UNUSED_FUNCTION = YES;
				GCC_WARN_UNUSED_VARIABLE = YES;
				IPHONEOS_DEPLOYMENT_TARGET = 17.0;
				LOCALIZATION_PREFERS_STRING_CATALOGS = YES;
				MTL_ENABLE_DEBUG_INFO = INCLUDE_SOURCE;
				MTL_FAST_MATH = YES;
				ONLY_ACTIVE_ARCH = YES;
				SDKROOT = iphoneos;
				SWIFT_ACTIVE_COMPILATION_CONDITIONS = "DEBUG $(inherited)";
				SWIFT_OPTIMIZATION_LEVEL = "-Onone";
			};
			name = Debug;
		};
		10EEC5D52B1E6586005EA055 /* Release */ = {
			isa = XCBuildConfiguration;
			buildSettings = {
				ALWAYS_SEARCH_USER_PATHS = NO;
				ASSETCATALOG_COMPILER_GENERATE_SWIFT_ASSET_SYMBOL_EXTENSIONS = YES;
				CLANG_ANALYZER_NONNULL = YES;
				CLANG_ANALYZER_NUMBER_OBJECT_CONVERSION = YES_AGGRESSIVE;
				CLANG_CXX_LANGUAGE_STANDARD = "gnu++20";
				CLANG_ENABLE_MODULES = YES;
				CLANG_ENABLE_OBJC_ARC = YES;
				CLANG_ENABLE_OBJC_WEAK = YES;
				CLANG_WARN_BLOCK_CAPTURE_AUTORELEASING = YES;
				CLANG_WARN_BOOL_CONVERSION = YES;
				CLANG_WARN_COMMA = YES;
				CLANG_WARN_CONSTANT_CONVERSION = YES;
				CLANG_WARN_DEPRECATED_OBJC_IMPLEMENTATIONS = YES;
				CLANG_WARN_DIRECT_OBJC_ISA_USAGE = YES_ERROR;
				CLANG_WARN_DOCUMENTATION_COMMENTS = YES;
				CLANG_WARN_EMPTY_BODY = YES;
				CLANG_WARN_ENUM_CONVERSION = YES;
				CLANG_WARN_INFINITE_RECURSION = YES;
				CLANG_WARN_INT_CONVERSION = YES;
				CLANG_WARN_NON_LITERAL_NULL_CONVERSION = YES;
				CLANG_WARN_OBJC_IMPLICIT_RETAIN_SELF = YES;
				CLANG_WARN_OBJC_LITERAL_CONVERSION = YES;
				CLANG_WARN_OBJC_ROOT_CLASS = YES_ERROR;
				CLANG_WARN_QUOTED_INCLUDE_IN_FRAMEWORK_HEADER = YES;
				CLANG_WARN_RANGE_LOOP_ANALYSIS = YES;
				CLANG_WARN_STRICT_PROTOTYPES = YES;
				CLANG_WARN_SUSPICIOUS_MOVE = YES;
				CLANG_WARN_UNGUARDED_AVAILABILITY = YES_AGGRESSIVE;
				CLANG_WARN_UNREACHABLE_CODE = YES;
				CLANG_WARN__DUPLICATE_METHOD_MATCH = YES;
				COPY_PHASE_STRIP = NO;
				DEBUG_INFORMATION_FORMAT = "dwarf-with-dsym";
				ENABLE_NS_ASSERTIONS = NO;
				ENABLE_STRICT_OBJC_MSGSEND = YES;
				ENABLE_USER_SCRIPT_SANDBOXING = YES;
				GCC_C_LANGUAGE_STANDARD = gnu17;
				GCC_NO_COMMON_BLOCKS = YES;
				GCC_WARN_64_TO_32_BIT_CONVERSION = YES;
				GCC_WARN_ABOUT_RETURN_TYPE = YES_ERROR;
				GCC_WARN_UNDECLARED_SELECTOR = YES;
				GCC_WARN_UNINITIALIZED_AUTOS = YES_AGGRESSIVE;
				GCC_WARN_UNUSED_FUNCTION = YES;
				GCC_WARN_UNUSED_VARIABLE = YES;
				IPHONEOS_DEPLOYMENT_TARGET = 17.0;
				LOCALIZATION_PREFERS_STRING_CATALOGS = YES;
				MTL_ENABLE_DEBUG_INFO = NO;
				MTL_FAST_MATH = YES;
				SDKROOT = iphoneos;
				SWIFT_COMPILATION_MODE = wholemodule;
				VALIDATE_PRODUCT = YES;
			};
			name = Release;
		};
		10EEC5D72B1E6586005EA055 /* Debug */ = {
			isa = XCBuildConfiguration;
			buildSettings = {
				ASSETCATALOG_COMPILER_APPICON_NAME = AppIcon;
				ASSETCATALOG_COMPILER_GLOBAL_ACCENT_COLOR_NAME = AccentColor;
				CODE_SIGN_STYLE = Automatic;
				CURRENT_PROJECT_VERSION = 1;
				DEVELOPMENT_TEAM = F5B36CQ9BQ;
				GENERATE_INFOPLIST_FILE = YES;
				INFOPLIST_FILE = ROVERNASAAPP/Info.plist;
				INFOPLIST_KEY_UIApplicationSupportsIndirectInputEvents = YES;
				INFOPLIST_KEY_UILaunchStoryboardName = LaunchScreen;
				INFOPLIST_KEY_UISupportedInterfaceOrientations_iPad = "UIInterfaceOrientationPortrait UIInterfaceOrientationPortraitUpsideDown UIInterfaceOrientationLandscapeLeft UIInterfaceOrientationLandscapeRight";
				INFOPLIST_KEY_UISupportedInterfaceOrientations_iPhone = "UIInterfaceOrientationPortrait UIInterfaceOrientationLandscapeLeft UIInterfaceOrientationLandscapeRight";
				LD_RUNPATH_SEARCH_PATHS = (
					"$(inherited)",
					"@executable_path/Frameworks",
				);
				MARKETING_VERSION = 1.0;
				PRODUCT_BUNDLE_IDENTIFIER = myOrg.ROVERNASAAPP;
				PRODUCT_NAME = "$(TARGET_NAME)";
				SWIFT_EMIT_LOC_STRINGS = YES;
				SWIFT_VERSION = 5.0;
				TARGETED_DEVICE_FAMILY = "1,2";
			};
			name = Debug;
		};
		10EEC5D82B1E6586005EA055 /* Release */ = {
			isa = XCBuildConfiguration;
			buildSettings = {
				ASSETCATALOG_COMPILER_APPICON_NAME = AppIcon;
				ASSETCATALOG_COMPILER_GLOBAL_ACCENT_COLOR_NAME = AccentColor;
				CODE_SIGN_STYLE = Automatic;
				CURRENT_PROJECT_VERSION = 1;
				DEVELOPMENT_TEAM = F5B36CQ9BQ;
				GENERATE_INFOPLIST_FILE = YES;
				INFOPLIST_FILE = ROVERNASAAPP/Info.plist;
				INFOPLIST_KEY_UIApplicationSupportsIndirectInputEvents = YES;
				INFOPLIST_KEY_UILaunchStoryboardName = LaunchScreen;
				INFOPLIST_KEY_UISupportedInterfaceOrientations_iPad = "UIInterfaceOrientationPortrait UIInterfaceOrientationPortraitUpsideDown UIInterfaceOrientationLandscapeLeft UIInterfaceOrientationLandscapeRight";
				INFOPLIST_KEY_UISupportedInterfaceOrientations_iPhone = "UIInterfaceOrientationPortrait UIInterfaceOrientationLandscapeLeft UIInterfaceOrientationLandscapeRight";
				LD_RUNPATH_SEARCH_PATHS = (
					"$(inherited)",
					"@executable_path/Frameworks",
				);
				MARKETING_VERSION = 1.0;
				PRODUCT_BUNDLE_IDENTIFIER = myOrg.ROVERNASAAPP;
				PRODUCT_NAME = "$(TARGET_NAME)";
				SWIFT_EMIT_LOC_STRINGS = YES;
				SWIFT_VERSION = 5.0;
				TARGETED_DEVICE_FAMILY = "1,2";
			};
			name = Release;
		};
/* End XCBuildConfiguration section */

/* Begin XCConfigurationList section */
		10EEC5BD2B1E6584005EA055 /* Build configuration list for PBXProject "ROVERNASAAPP" */ = {
			isa = XCConfigurationList;
			buildConfigurations = (
				10EEC5D42B1E6586005EA055 /* Debug */,
				10EEC5D52B1E6586005EA055 /* Release */,
			);
			defaultConfigurationIsVisible = 0;
			defaultConfigurationName = Release;
		};
		10EEC5D62B1E6586005EA055 /* Build configuration list for PBXNativeTarget "ROVERNASAAPP" */ = {
			isa = XCConfigurationList;
			buildConfigurations = (
				10EEC5D72B1E6586005EA055 /* Debug */,
				10EEC5D82B1E6586005EA055 /* Release */,
			);
			defaultConfigurationIsVisible = 0;
			defaultConfigurationName = Release;
		};
/* End XCConfigurationList section */
	};
	rootObject = 10EEC5BA2B1E6584005EA055 /* Project object */;
}
